{
  "lockfileVersion": 1,
  "dependencies": {
    "cordova-plugin-compat": {
      "version": "1.1.0",
      "resolved": "https://registry.npmjs.org/cordova-plugin-compat/-/cordova-plugin-compat-1.1.0.tgz",
      "integrity": "sha1-kr3xaf62EgUyPcyWo/+DSON+h/w="
    },
    "cordova-plugin-geolocation": {
      "version": "2.4.3",
      "resolved": "https://registry.npmjs.org/cordova-plugin-geolocation/-/cordova-plugin-geolocation-2.4.3.tgz",
      "integrity": "sha1-HdAAI9Hxos4zD4dn7Qj3tzj+cYQ="
    },
    "cordova-plugin-statusbar": {
      "version": "2.2.3",
      "resolved": "https://registry.npmjs.org/cordova-plugin-statusbar/-/cordova-plugin-statusbar-2.2.3.tgz",
      "integrity": "sha1-UcXgKtQzvr0LDcl3pEbrkd/uFQI="
    }
  }
}
